{
  "originHash" : "8fb46994cde613a1b606c5e53737666391a192f02637a183b0e011940c0c77fb",
  "pins" : [
    {
      "identity" : "localize-swift",
      "kind" : "remoteSourceControl",
      "location" : "https://github.com/marmelroy/Localize-Swift.git",
      "state" : {
        "revision" : "0aa221fed0512772eaad04171d966b8d77b15212",
        "version" : "3.2.0"
      }
    },
    {
      "identity" : "mantis",
      "kind" : "remoteSourceControl",
      "location" : "https://github.com/guoyingtao/Mantis.git",
      "state" : {
        "revision" : "5ff3d822e27976e8e262f1f0d2ede63c3281a632",
        "version" : "2.19.0"
      }
    },
    {
      "identity" : "qonversion-ios-sdk",
      "kind" : "remoteSourceControl",
      "location" : "https://github.com/qonversion/qonversion-ios-sdk.git",
      "state" : {
        "revision" : "cb4201fc2a977665861abbe39dba65b7d7b4f5a5",
        "version" : "5.11.1"
      }
    },
    {
      "identity" : "swiftfulrecursiveui",
      "kind" : "remoteSourceControl",
      "location" : "https://github.com/SwiftfulThinking/SwiftfulRecursiveUI.git",
      "state" : {
        "revision" : "3d2d5ac6efe70874fb5ffb2f8e1d5ccd457f4366",
        "version" : "1.0.2"
      }
    },
    {
      "identity" : "swiftfului",
      "kind" : "remoteSourceControl",
      "location" : "https://github.com/SwiftfulThinking/SwiftfulUI.git",
      "state" : {
        "revision" : "7e6e2d1c29d05e1519f2f5a2ce6012fe4e4dfa19",
        "version" : "1.2.0"
      }
    }
  ],
  "version" : 3
}
